
Microsoft Visual Studio Solution File, Format Version 12.00
# Visual Studio Version 17
VisualStudioVersion = 17.9.34723.18
MinimumVisualStudioVersion = 10.0.40219.1
Project("{FAE04EC0-301F-11D3-BF4B-00C04F79EFBC}") = "Projek Lab PSD", "Projek Lab PSD\Projek Lab PSD.csproj", "{04B2B5BE-E5C5-4111-A93B-BDA1A00F381B}"
EndProject
Global
	GlobalSection(SolutionConfigurationPlatforms) = preSolution
		Debug|Any CPU = Debug|Any CPU
		Release|Any CPU = Release|Any CPU
	EndGlobalSection
	GlobalSection(ProjectConfigurationPlatforms) = postSolution
		{04B2B5BE-E5C5-4111-A93B-BDA1A00F381B}.Debug|Any CPU.ActiveCfg = Debug|Any CPU
		{04B2B5BE-E5C5-4111-A93B-BDA1A00F381B}.Debug|Any CPU.Build.0 = Debug|Any CPU
		{04B2B5BE-E5C5-4111-A93B-BDA1A00F381B}.Release|Any CPU.ActiveCfg = Release|Any CPU
		{04B2B5BE-E5C5-4111-A93B-BDA1A00F381B}.Release|Any CPU.Build.0 = Release|Any CPU
	EndGlobalSection
	GlobalSection(SolutionProperties) = preSolution
		HideSolutionNode = FALSE
	EndGlobalSection
	GlobalSection(ExtensibilityGlobals) = postSolution
		SolutionGuid = {D2604DDE-CAAD-4EC0-AA84-9203347B5906}
	EndGlobalSection
EndGlobal
